
Microsoft Visual Studio Solution File, Format Version 11.00
# Visual Studio 2010
Project("{FAE04EC0-301F-11D3-BF4B-00C04F79EFBC}") = "Supermarket", "Supermarket\Supermarket.csproj", "{8A7507A9-4EB4-4325-BC93-24E9FA7F5241}"
EndProject
Global
	GlobalSection(SolutionConfigurationPlatforms) = preSolution
		Debug|Any CPU = Debug|Any CPU
		Release|Any CPU = Release|Any CPU
	EndGlobalSection
	GlobalSection(ProjectConfigurationPlatforms) = postSolution
		{8A7507A9-4EB4-4325-BC93-24E9FA7F5241}.Debug|Any CPU.ActiveCfg = Debug|Any CPU
		{8A7507A9-4EB4-4325-BC93-24E9FA7F5241}.Debug|Any CPU.Build.0 = Debug|Any CPU
		{8A7507A9-4EB4-4325-BC93-24E9FA7F5241}.Release|Any CPU.ActiveCfg = Release|Any CPU
		{8A7507A9-4EB4-4325-BC93-24E9FA7F5241}.Release|Any CPU.Build.0 = Release|Any CPU
	EndGlobalSection
	GlobalSection(SolutionProperties) = preSolution
		HideSolutionNode = FALSE
	EndGlobalSection
EndGlobal
